
Microsoft Visual Studio Solution File, Format Version 12.00
# Visual Studio Version 16
VisualStudioVersion = 16.0.30611.23
MinimumVisualStudioVersion = 10.0.40219.1
Project("{FAE04EC0-301F-11D3-BF4B-00C04F79EFBC}") = "GetHashCode_e_Equals", "GetHashCode_e_Equals\GetHashCode_e_Equals.csproj", "{A56EE9D3-C335-4D55-BFCA-95E77AF83909}"
EndProject
Global
	GlobalSection(SolutionConfigurationPlatforms) = preSolution
		Debug|Any CPU = Debug|Any CPU
		Release|Any CPU = Release|Any CPU
	EndGlobalSection
	GlobalSection(ProjectConfigurationPlatforms) = postSolution
		{A56EE9D3-C335-4D55-BFCA-95E77AF83909}.Debug|Any CPU.ActiveCfg = Debug|Any CPU
		{A56EE9D3-C335-4D55-BFCA-95E77AF83909}.Debug|Any CPU.Build.0 = Debug|Any CPU
		{A56EE9D3-C335-4D55-BFCA-95E77AF83909}.Release|Any CPU.ActiveCfg = Release|Any CPU
		{A56EE9D3-C335-4D55-BFCA-95E77AF83909}.Release|Any CPU.Build.0 = Release|Any CPU
	EndGlobalSection
	GlobalSection(SolutionProperties) = preSolution
		HideSolutionNode = FALSE
	EndGlobalSection
	GlobalSection(ExtensibilityGlobals) = postSolution
		SolutionGuid = {F517C468-CB6E-47DB-86C5-B7235CAB8C4D}
	EndGlobalSection
EndGlobal
